
Microsoft Visual Studio Solution File, Format Version 12.00
# Visual Studio Version 17
VisualStudioVersion = 17.1.32210.238
MinimumVisualStudioVersion = 10.0.40219.1
Project("{FAE04EC0-301F-11D3-BF4B-00C04F79EFBC}") = "BlazorApp_WordDocumentAPI", "BlazorApp_WordDocumentAPI\BlazorApp_WordDocumentAPI.csproj", "{0C963550-107E-4F1E-9B55-942AF9658D1E}"
EndProject
Global
	GlobalSection(SolutionConfigurationPlatforms) = preSolution
		Debug|Any CPU = Debug|Any CPU
		Release|Any CPU = Release|Any CPU
	EndGlobalSection
	GlobalSection(ProjectConfigurationPlatforms) = postSolution
		{0C963550-107E-4F1E-9B55-942AF9658D1E}.Debug|Any CPU.ActiveCfg = Debug|Any CPU
		{0C963550-107E-4F1E-9B55-942AF9658D1E}.Debug|Any CPU.Build.0 = Debug|Any CPU
		{0C963550-107E-4F1E-9B55-942AF9658D1E}.Release|Any CPU.ActiveCfg = Release|Any CPU
		{0C963550-107E-4F1E-9B55-942AF9658D1E}.Release|Any CPU.Build.0 = Release|Any CPU
	EndGlobalSection
	GlobalSection(SolutionProperties) = preSolution
		HideSolutionNode = FALSE
	EndGlobalSection
	GlobalSection(ExtensibilityGlobals) = postSolution
		SolutionGuid = {A3684369-2C12-41B2-9529-F776B1CAFC0A}
	EndGlobalSection
EndGlobal
